
Microsoft Visual Studio Solution File, Format Version 12.00
# Visual Studio Version 16
VisualStudioVersion = 16.0.31624.102
MinimumVisualStudioVersion = 10.0.40219.1
Project("{FAE04EC0-301F-11D3-BF4B-00C04F79EFBC}") = "PisananjeBranjeBinarne", "PisananjeBranjeBinarne\PisananjeBranjeBinarne.csproj", "{EB57A122-BBAC-464D-BDDC-3E1C1ABCC3A5}"
EndProject
Global
	GlobalSection(SolutionConfigurationPlatforms) = preSolution
		Debug|Any CPU = Debug|Any CPU
		Release|Any CPU = Release|Any CPU
	EndGlobalSection
	GlobalSection(ProjectConfigurationPlatforms) = postSolution
		{EB57A122-BBAC-464D-BDDC-3E1C1ABCC3A5}.Debug|Any CPU.ActiveCfg = Debug|Any CPU
		{EB57A122-BBAC-464D-BDDC-3E1C1ABCC3A5}.Debug|Any CPU.Build.0 = Debug|Any CPU
		{EB57A122-BBAC-464D-BDDC-3E1C1ABCC3A5}.Release|Any CPU.ActiveCfg = Release|Any CPU
		{EB57A122-BBAC-464D-BDDC-3E1C1ABCC3A5}.Release|Any CPU.Build.0 = Release|Any CPU
	EndGlobalSection
	GlobalSection(SolutionProperties) = preSolution
		HideSolutionNode = FALSE
	EndGlobalSection
	GlobalSection(ExtensibilityGlobals) = postSolution
		SolutionGuid = {CBA5E70B-FE27-46AE-A4A5-78634A927D51}
	EndGlobalSection
EndGlobal
