
Microsoft Visual Studio Solution File, Format Version 12.00
# Visual Studio Version 16
VisualStudioVersion = 16.0.31624.102
MinimumVisualStudioVersion = 10.0.40219.1
Project("{FAE04EC0-301F-11D3-BF4B-00C04F79EFBC}") = "TestSeznama", "TestSeznama\TestSeznama.csproj", "{D19185EF-1DEC-4CBF-8999-BA0616A145FE}"
EndProject
Global
	GlobalSection(SolutionConfigurationPlatforms) = preSolution
		Debug|Any CPU = Debug|Any CPU
		Release|Any CPU = Release|Any CPU
	EndGlobalSection
	GlobalSection(ProjectConfigurationPlatforms) = postSolution
		{D19185EF-1DEC-4CBF-8999-BA0616A145FE}.Debug|Any CPU.ActiveCfg = Debug|Any CPU
		{D19185EF-1DEC-4CBF-8999-BA0616A145FE}.Debug|Any CPU.Build.0 = Debug|Any CPU
		{D19185EF-1DEC-4CBF-8999-BA0616A145FE}.Release|Any CPU.ActiveCfg = Release|Any CPU
		{D19185EF-1DEC-4CBF-8999-BA0616A145FE}.Release|Any CPU.Build.0 = Release|Any CPU
	EndGlobalSection
	GlobalSection(SolutionProperties) = preSolution
		HideSolutionNode = FALSE
	EndGlobalSection
	GlobalSection(ExtensibilityGlobals) = postSolution
		SolutionGuid = {7BDEF0CC-9EF6-44F0-92CB-EF68E1DDEFF7}
	EndGlobalSection
EndGlobal
