
Microsoft Visual Studio Solution File, Format Version 12.00
# Visual Studio Version 16
VisualStudioVersion = 16.0.31624.102
MinimumVisualStudioVersion = 10.0.40219.1
Project("{FAE04EC0-301F-11D3-BF4B-00C04F79EFBC}") = "Energetika", "Energetika\Energetika.csproj", "{1ED35F99-0EF1-4736-AAD8-29F5D11632E7}"
EndProject
Global
	GlobalSection(SolutionConfigurationPlatforms) = preSolution
		Debug|Any CPU = Debug|Any CPU
		Release|Any CPU = Release|Any CPU
	EndGlobalSection
	GlobalSection(ProjectConfigurationPlatforms) = postSolution
		{1ED35F99-0EF1-4736-AAD8-29F5D11632E7}.Debug|Any CPU.ActiveCfg = Debug|Any CPU
		{1ED35F99-0EF1-4736-AAD8-29F5D11632E7}.Debug|Any CPU.Build.0 = Debug|Any CPU
		{1ED35F99-0EF1-4736-AAD8-29F5D11632E7}.Release|Any CPU.ActiveCfg = Release|Any CPU
		{1ED35F99-0EF1-4736-AAD8-29F5D11632E7}.Release|Any CPU.Build.0 = Release|Any CPU
	EndGlobalSection
	GlobalSection(SolutionProperties) = preSolution
		HideSolutionNode = FALSE
	EndGlobalSection
	GlobalSection(ExtensibilityGlobals) = postSolution
		SolutionGuid = {EF0D6822-90F0-4AD6-A46B-ADED588C4211}
	EndGlobalSection
EndGlobal
